
Microsoft Visual Studio Solution File, Format Version 12.00
# Visual Studio Version 16
VisualStudioVersion = 25.0.1705.0
MinimumVisualStudioVersion = 10.0.40219.1
Project("{2150E333-8FDC-42A3-9474-1A3956D46DE8}") = "src", "src", "{5B2F19E1-E988-432F-BEFE-E2D48C9B6E98}"
EndProject
Project("{FAE04EC0-301F-11D3-BF4B-00C04F79EFBC}") = "am.kon.packages.common.swagger", "src\am.kon.packages.common.swagger\am.kon.packages.common.swagger.csproj", "{49387872-3586-4D87-A6BB-1B72153B9AE6}"
EndProject
Project("{2150E333-8FDC-42A3-9474-1A3956D46DE8}") = "other", "other", "{98A596BF-B7AD-402F-A2EA-0D83F0821E76}"
	ProjectSection(SolutionItems) = preProject
		README.md = README.md
	EndProjectSection
EndProject
Project("{2150E333-8FDC-42A3-9474-1A3956D46DE8}") = "ci-cd", "ci-cd", "{AB249BF3-769E-40B7-B1B4-37BB7ECC49F4}"
	ProjectSection(SolutionItems) = preProject
		.github/workflows/dotnet-beta.yml = dotnet-beta.yml
		.github/workflows/dotnet.yml = dotnet.yml
	EndProjectSection
EndProject
Global
	GlobalSection(SolutionConfigurationPlatforms) = preSolution
		Debug|Any CPU = Debug|Any CPU
		Release|Any CPU = Release|Any CPU
	EndGlobalSection
	GlobalSection(ProjectConfigurationPlatforms) = postSolution
		{49387872-3586-4D87-A6BB-1B72153B9AE6}.Debug|Any CPU.ActiveCfg = Debug|Any CPU
		{49387872-3586-4D87-A6BB-1B72153B9AE6}.Debug|Any CPU.Build.0 = Debug|Any CPU
		{49387872-3586-4D87-A6BB-1B72153B9AE6}.Release|Any CPU.ActiveCfg = Release|Any CPU
		{49387872-3586-4D87-A6BB-1B72153B9AE6}.Release|Any CPU.Build.0 = Release|Any CPU
	EndGlobalSection
	GlobalSection(SolutionProperties) = preSolution
		HideSolutionNode = FALSE
	EndGlobalSection
	GlobalSection(ExtensibilityGlobals) = postSolution
		SolutionGuid = {84DAE499-0F73-4AE8-9F36-F2C42A2E3A87}
	EndGlobalSection
	GlobalSection(NestedProjects) = preSolution
		{49387872-3586-4D87-A6BB-1B72153B9AE6} = {5B2F19E1-E988-432F-BEFE-E2D48C9B6E98}
	EndGlobalSection
EndGlobal
